
Microsoft Visual Studio Solution File, Format Version 12.00
# Visual Studio Version 16
VisualStudioVersion = 16.0.30114.105
MinimumVisualStudioVersion = 10.0.40219.1
Project("{FAE04EC0-301F-11D3-BF4B-00C04F79EFBC}") = "sistemasOperativos.Contracts", "sistemasOperativos.Contracts\sistemasOperativos.Contracts.csproj", "{CACCB264-32CB-49E0-AFB2-4D2B710BDCCC}"
EndProject
Project("{FAE04EC0-301F-11D3-BF4B-00C04F79EFBC}") = "sistemasOperativos", "sistemasOperativos\sistemasOperativos.csproj", "{574B56C0-AE62-4C90-8BEF-4FD35E2C8747}"
EndProject
Global
	GlobalSection(SolutionConfigurationPlatforms) = preSolution
		Debug|Any CPU = Debug|Any CPU
		Debug|x64 = Debug|x64
		Debug|x86 = Debug|x86
		Release|Any CPU = Release|Any CPU
		Release|x64 = Release|x64
		Release|x86 = Release|x86
	EndGlobalSection
	GlobalSection(SolutionProperties) = preSolution
		HideSolutionNode = FALSE
	EndGlobalSection
	GlobalSection(ProjectConfigurationPlatforms) = postSolution
		{CACCB264-32CB-49E0-AFB2-4D2B710BDCCC}.Debug|Any CPU.ActiveCfg = Debug|Any CPU
		{CACCB264-32CB-49E0-AFB2-4D2B710BDCCC}.Debug|Any CPU.Build.0 = Debug|Any CPU
		{CACCB264-32CB-49E0-AFB2-4D2B710BDCCC}.Debug|x64.ActiveCfg = Debug|Any CPU
		{CACCB264-32CB-49E0-AFB2-4D2B710BDCCC}.Debug|x64.Build.0 = Debug|Any CPU
		{CACCB264-32CB-49E0-AFB2-4D2B710BDCCC}.Debug|x86.ActiveCfg = Debug|Any CPU
		{CACCB264-32CB-49E0-AFB2-4D2B710BDCCC}.Debug|x86.Build.0 = Debug|Any CPU
		{CACCB264-32CB-49E0-AFB2-4D2B710BDCCC}.Release|Any CPU.ActiveCfg = Release|Any CPU
		{CACCB264-32CB-49E0-AFB2-4D2B710BDCCC}.Release|Any CPU.Build.0 = Release|Any CPU
		{CACCB264-32CB-49E0-AFB2-4D2B710BDCCC}.Release|x64.ActiveCfg = Release|Any CPU
		{CACCB264-32CB-49E0-AFB2-4D2B710BDCCC}.Release|x64.Build.0 = Release|Any CPU
		{CACCB264-32CB-49E0-AFB2-4D2B710BDCCC}.Release|x86.ActiveCfg = Release|Any CPU
		{CACCB264-32CB-49E0-AFB2-4D2B710BDCCC}.Release|x86.Build.0 = Release|Any CPU
		{574B56C0-AE62-4C90-8BEF-4FD35E2C8747}.Debug|Any CPU.ActiveCfg = Debug|Any CPU
		{574B56C0-AE62-4C90-8BEF-4FD35E2C8747}.Debug|Any CPU.Build.0 = Debug|Any CPU
		{574B56C0-AE62-4C90-8BEF-4FD35E2C8747}.Debug|x64.ActiveCfg = Debug|Any CPU
		{574B56C0-AE62-4C90-8BEF-4FD35E2C8747}.Debug|x64.Build.0 = Debug|Any CPU
		{574B56C0-AE62-4C90-8BEF-4FD35E2C8747}.Debug|x86.ActiveCfg = Debug|Any CPU
		{574B56C0-AE62-4C90-8BEF-4FD35E2C8747}.Debug|x86.Build.0 = Debug|Any CPU
		{574B56C0-AE62-4C90-8BEF-4FD35E2C8747}.Release|Any CPU.ActiveCfg = Release|Any CPU
		{574B56C0-AE62-4C90-8BEF-4FD35E2C8747}.Release|Any CPU.Build.0 = Release|Any CPU
		{574B56C0-AE62-4C90-8BEF-4FD35E2C8747}.Release|x64.ActiveCfg = Release|Any CPU
		{574B56C0-AE62-4C90-8BEF-4FD35E2C8747}.Release|x64.Build.0 = Release|Any CPU
		{574B56C0-AE62-4C90-8BEF-4FD35E2C8747}.Release|x86.ActiveCfg = Release|Any CPU
		{574B56C0-AE62-4C90-8BEF-4FD35E2C8747}.Release|x86.Build.0 = Release|Any CPU
	EndGlobalSection
EndGlobal
